
Microsoft Visual Studio Solution File, Format Version 12.00
# Visual Studio Version 16
VisualStudioVersion = 16.0.33423.256
MinimumVisualStudioVersion = 10.0.40219.1
Project("{FAE04EC0-301F-11D3-BF4B-00C04F79EFBC}") = "MummyAnalytics", "MummyAnalytics.csproj", "{C1784F5A-5CD3-40AB-8FB5-C9BBB0E5187E}"
EndProject
Global
	GlobalSection(SolutionConfigurationPlatforms) = preSolution
		Debug|Any CPU = Debug|Any CPU
		Release|Any CPU = Release|Any CPU
	EndGlobalSection
	GlobalSection(ProjectConfigurationPlatforms) = postSolution
		{C1784F5A-5CD3-40AB-8FB5-C9BBB0E5187E}.Debug|Any CPU.ActiveCfg = Debug|Any CPU
		{C1784F5A-5CD3-40AB-8FB5-C9BBB0E5187E}.Debug|Any CPU.Build.0 = Debug|Any CPU
		{C1784F5A-5CD3-40AB-8FB5-C9BBB0E5187E}.Release|Any CPU.ActiveCfg = Release|Any CPU
		{C1784F5A-5CD3-40AB-8FB5-C9BBB0E5187E}.Release|Any CPU.Build.0 = Release|Any CPU
	EndGlobalSection
	GlobalSection(SolutionProperties) = preSolution
		HideSolutionNode = FALSE
	EndGlobalSection
	GlobalSection(ExtensibilityGlobals) = postSolution
		SolutionGuid = {F826F88D-EB2E-42F7-9F84-C62598EBDCC8}
	EndGlobalSection
EndGlobal
